{
  "nodes": {
    "argononed": {
      "flake": false,
      "locked": {
        "lastModified": 1729566243,
        "narHash": "sha256-DPNI0Dpk5aym3Baf5UbEe5GENDrSmmXVdriRSWE+rgk=",
        "owner": "nvmd",
        "repo": "argononed",
        "rev": "16dbee54d49b66d5654d228d1061246b440ef7cf",
        "type": "github"
      },
      "original": {
        "owner": "nvmd",
        "repo": "argononed",
        "type": "github"
      }
    },
    "blueprint": {
      "inputs": {
        "nixpkgs": [
          "nixos-facter",
          "nixpkgs"
        ],
        "systems": [
          "nixos-facter",
          "systems"
        ]
      },
      "locked": {
        "lastModified": 1743008896,
        "narHash": "sha256-mU0WYwrgN8Sus4ktBsSzkvs0++vAKrhNE0A0vWo8AzY=",
        "owner": "numtide",
        "repo": "blueprint",
        "rev": "7ae2142c8b5a47bed6d403fdd5f5a1215961e10c",
        "type": "github"
      },
      "original": {
        "owner": "numtide",
        "repo": "blueprint",
        "type": "github"
      }
    },
    "disko": {
      "inputs": {
        "nixpkgs": [
          "nixpkgs"
        ]
      },
      "locked": {
        "lastModified": 1744145203,
        "narHash": "sha256-I2oILRiJ6G+BOSjY+0dGrTPe080L3pbKpc+gCV3Nmyk=",
        "owner": "nix-community",
        "repo": "disko",
        "rev": "76c0a6dba345490508f36c1aa3c7ba5b6b460989",
        "type": "github"
      },
      "original": {
        "owner": "nix-community",
        "repo": "disko",
        "type": "github"
      }
    },
    "disko_2": {
      "inputs": {
        "nixpkgs": [
          "nixos-facter",
          "nixpkgs"
        ]
      },
      "locked": {
        "lastModified": 1741786315,
        "narHash": "sha256-VT65AE2syHVj6v/DGB496bqBnu1PXrrzwlw07/Zpllc=",
        "owner": "nix-community",
        "repo": "disko",
        "rev": "0d8c6ad4a43906d14abd5c60e0ffe7b587b213de",
        "type": "github"
      },
      "original": {
        "owner": "nix-community",
        "repo": "disko",
        "type": "github"
      }
    },
    "flake-utils": {
      "inputs": {
        "systems": "systems"
      },
      "locked": {
        "lastModified": 1731533236,
        "narHash": "sha256-l0KFg5HjrsfsO/JpG+r7fRrqm12kzFHyUHqHCVpMMbI=",
        "owner": "numtide",
        "repo": "flake-utils",
        "rev": "11707dc2f618dd54ca8739b309ec4fc024de578b",
        "type": "github"
      },
      "original": {
        "owner": "numtide",
        "repo": "flake-utils",
        "type": "github"
      }
    },
    "flake-utils_2": {
      "inputs": {
        "systems": [
          "nixos-facter",
          "systems"
        ]
      },
      "locked": {
        "lastModified": 1731533236,
        "narHash": "sha256-l0KFg5HjrsfsO/JpG+r7fRrqm12kzFHyUHqHCVpMMbI=",
        "owner": "numtide",
        "repo": "flake-utils",
        "rev": "11707dc2f618dd54ca8739b309ec4fc024de578b",
        "type": "github"
      },
      "original": {
        "owner": "numtide",
        "repo": "flake-utils",
        "type": "github"
      }
    },
    "flake-utils_3": {
      "inputs": {
        "systems": "systems_3"
      },
      "locked": {
        "lastModified": 1731533236,
        "narHash": "sha256-l0KFg5HjrsfsO/JpG+r7fRrqm12kzFHyUHqHCVpMMbI=",
        "owner": "numtide",
        "repo": "flake-utils",
        "rev": "11707dc2f618dd54ca8739b309ec4fc024de578b",
        "type": "github"
      },
      "original": {
        "owner": "numtide",
        "repo": "flake-utils",
        "type": "github"
      }
    },
    "godoc": {
      "inputs": {
        "blueprint": [
          "nixos-facter",
          "blueprint"
        ],
        "flake-utils": [
          "nixos-facter",
          "flake-utils"
        ],
        "gomod2nix": "gomod2nix",
        "nixpkgs": [
          "nixos-facter",
          "nixpkgs"
        ],
        "systems": [
          "nixos-facter",
          "systems"
        ],
        "treefmt-nix": [
          "nixos-facter",
          "treefmt-nix"
        ]
      },
      "locked": {
        "lastModified": 1725981199,
        "narHash": "sha256-QoXfZPi+k1dAh6p9uD8Ie64lECDm5XyoClmzhxWuDqs=",
        "owner": "numtide",
        "repo": "godoc",
        "rev": "6657fc706efcd44a05bd7c80c20696c7513193c6",
        "type": "github"
      },
      "original": {
        "owner": "numtide",
        "repo": "godoc",
        "type": "github"
      }
    },
    "gomod2nix": {
      "inputs": {
        "flake-utils": [
          "nixos-facter",
          "godoc",
          "flake-utils"
        ],
        "nixpkgs": [
          "nixos-facter",
          "godoc",
          "nixpkgs"
        ]
      },
      "locked": {
        "lastModified": 1742209644,
        "narHash": "sha256-jMy1XqXqD0/tJprEbUmKilTkvbDY/C0ZGSsJJH4TNCE=",
        "owner": "nix-community",
        "repo": "gomod2nix",
        "rev": "8f3534eb8f6c5c3fce799376dc3b91bae6b11884",
        "type": "github"
      },
      "original": {
        "owner": "nix-community",
        "repo": "gomod2nix",
        "type": "github"
      }
    },
    "hwinfo": {
      "inputs": {
        "blueprint": [
          "nixos-facter",
          "blueprint"
        ],
        "nixpkgs": [
          "nixos-facter",
          "nixpkgs"
        ],
        "systems": [
          "nixos-facter",
          "systems"
        ]
      },
      "locked": {
        "lastModified": 1743844564,
        "narHash": "sha256-SvpKfp9gy5JUbtMU5z3WxmV7cFUBhk5i4VuPs/pXgdw=",
        "owner": "numtide",
        "repo": "hwinfo",
        "rev": "a7ae16e875269c7c34194e094b821ceea14f0094",
        "type": "github"
      },
      "original": {
        "owner": "numtide",
        "repo": "hwinfo",
        "type": "github"
      }
    },
    "nixos-facter": {
      "inputs": {
        "blueprint": "blueprint",
        "disko": "disko_2",
        "flake-utils": "flake-utils_2",
        "godoc": "godoc",
        "hwinfo": "hwinfo",
        "nixpkgs": [
          "nixpkgs"
        ],
        "systems": "systems_2",
        "treefmt-nix": "treefmt-nix"
      },
      "locked": {
        "lastModified": 1744447715,
        "narHash": "sha256-HF2dHjIUQsl4UcSQu66UZjjGt64BcTtQ1P5EMomjZpA=",
        "owner": "nix-community",
        "repo": "nixos-facter",
        "rev": "a3c87bb832450a5fe1b91b76e2ddb985f9581cc6",
        "type": "github"
      },
      "original": {
        "owner": "nix-community",
        "repo": "nixos-facter",
        "type": "github"
      }
    },
    "nixos-facter-modules": {
      "locked": {
        "lastModified": 1743671943,
        "narHash": "sha256-7sYig0+RcrR3sOL5M+2spbpFUHyEP7cnUvCaqFOBjyU=",
        "owner": "nix-community",
        "repo": "nixos-facter-modules",
        "rev": "58ad9691670d293a15221d4a78818e0088d2e086",
        "type": "github"
      },
      "original": {
        "owner": "nix-community",
        "repo": "nixos-facter-modules",
        "type": "github"
      }
    },
    "nixos-raspberrypi": {
      "inputs": {
        "argononed": "argononed",
        "nixpkgs": "nixpkgs"
      },
      "locked": {
        "lastModified": 1743807913,
        "narHash": "sha256-fIJjlnk8piKsOd/zuEAwKkxtt3+jwPJBZyi9mcOXVCo=",
        "owner": "nvmd",
        "repo": "nixos-raspberrypi",
        "rev": "516ebf17fa37a38eacc058880c65441ee345a9c4",
        "type": "github"
      },
      "original": {
        "owner": "nvmd",
        "repo": "nixos-raspberrypi",
        "type": "github"
      }
    },
    "nixpkgs": {
      "locked": {
        "lastModified": 1743807274,
        "narHash": "sha256-W+si3ZbMHig8IPWxlt8DslQWVE2Gsx+Excwzp0JGE2Q=",
        "owner": "nvmd",
        "repo": "nixpkgs",
        "rev": "045b00a0af700d964add91578524917a46f7b5b9",
        "type": "github"
      },
      "original": {
        "owner": "nvmd",
        "ref": "modules-with-keys",
        "repo": "nixpkgs",
        "type": "github"
      }
    },
    "nixpkgs-pypng": {
      "locked": {
        "lastModified": 1715849447,
        "narHash": "sha256-s5KsThwZg+B9pEJTisjQCV0SyK/MMuXpCIsEXBUl504=",
        "owner": "NixOS",
        "repo": "nixpkgs",
        "rev": "ee7a6f786538bd926d8ecca7eeeafa29aee7cff8",
        "type": "github"
      },
      "original": {
        "owner": "NixOS",
        "repo": "nixpkgs",
        "rev": "ee7a6f786538bd926d8ecca7eeeafa29aee7cff8",
        "type": "github"
      }
    },
    "nixpkgs-rich-click": {
      "locked": {
        "lastModified": 1714463833,
        "narHash": "sha256-2QTF0WufldsBDkB7dl0WkaxN+V1svbgfRQlXVGayolQ=",
        "owner": "NixOS",
        "repo": "nixpkgs",
        "rev": "38cc39329a91a925aba2fb32db33fd759a5306fa",
        "type": "github"
      },
      "original": {
        "owner": "NixOS",
        "repo": "nixpkgs",
        "rev": "38cc39329a91a925aba2fb32db33fd759a5306fa",
        "type": "github"
      }
    },
    "nixpkgs_2": {
      "locked": {
        "lastModified": 1744536153,
        "narHash": "sha256-awS2zRgF4uTwrOKwwiJcByDzDOdo3Q1rPZbiHQg/N38=",
        "owner": "NixOS",
        "repo": "nixpkgs",
        "rev": "18dd725c29603f582cf1900e0d25f9f1063dbf11",
        "type": "github"
      },
      "original": {
        "owner": "NixOS",
        "ref": "nixpkgs-unstable",
        "repo": "nixpkgs",
        "type": "github"
      }
    },
    "pros-nix": {
      "inputs": {
        "flake-utils": "flake-utils_3",
        "nixpkgs": [
          "nixpkgs"
        ],
        "nixpkgs-pypng": "nixpkgs-pypng",
        "nixpkgs-rich-click": "nixpkgs-rich-click"
      },
      "locked": {
        "lastModified": 1740242100,
        "narHash": "sha256-dJ0Rw0U8lt9uXBX39Qhn0Qc7BvxZkfqs1PCvvM2wCGk=",
        "ref": "refs/heads/main",
        "rev": "ed784569db0119d97e6dc27e61c3bdbb50504688",
        "revCount": 5,
        "type": "git",
        "url": "https://codeberg.org/tyy/pros-nix"
      },
      "original": {
        "type": "git",
        "url": "https://codeberg.org/tyy/pros-nix"
      }
    },
    "root": {
      "inputs": {
        "disko": "disko",
        "flake-utils": "flake-utils",
        "nixos-facter": "nixos-facter",
        "nixos-facter-modules": "nixos-facter-modules",
        "nixos-raspberrypi": "nixos-raspberrypi",
        "nixpkgs": "nixpkgs_2",
        "pros-nix": "pros-nix",
        "sops-nix": "sops-nix"
      }
    },
    "sops-nix": {
      "inputs": {
        "nixpkgs": [
          "nixpkgs"
        ]
      },
      "locked": {
        "lastModified": 1744518500,
        "narHash": "sha256-lv52pnfiRGp5+xkZEgWr56DWiRgkMFXpiGba3eJ3krE=",
        "owner": "Mic92",
        "repo": "sops-nix",
        "rev": "7e147a1ae90f0d4a374938cdc3df3cdaecb9d388",
        "type": "github"
      },
      "original": {
        "owner": "Mic92",
        "repo": "sops-nix",
        "type": "github"
      }
    },
    "systems": {
      "locked": {
        "lastModified": 1681028828,
        "narHash": "sha256-Vy1rq5AaRuLzOxct8nz4T6wlgyUR7zLU309k9mBC768=",
        "owner": "nix-systems",
        "repo": "default",
        "rev": "da67096a3b9bf56a91d16901293e51ba5b49a27e",
        "type": "github"
      },
      "original": {
        "owner": "nix-systems",
        "repo": "default",
        "type": "github"
      }
    },
    "systems_2": {
      "locked": {
        "lastModified": 1681028828,
        "narHash": "sha256-Vy1rq5AaRuLzOxct8nz4T6wlgyUR7zLU309k9mBC768=",
        "owner": "nix-systems",
        "repo": "default",
        "rev": "da67096a3b9bf56a91d16901293e51ba5b49a27e",
        "type": "github"
      },
      "original": {
        "owner": "nix-systems",
        "repo": "default",
        "type": "github"
      }
    },
    "systems_3": {
      "locked": {
        "lastModified": 1681028828,
        "narHash": "sha256-Vy1rq5AaRuLzOxct8nz4T6wlgyUR7zLU309k9mBC768=",
        "owner": "nix-systems",
        "repo": "default",
        "rev": "da67096a3b9bf56a91d16901293e51ba5b49a27e",
        "type": "github"
      },
      "original": {
        "owner": "nix-systems",
        "repo": "default",
        "type": "github"
      }
    },
    "treefmt-nix": {
      "inputs": {
        "nixpkgs": [
          "nixos-facter",
          "nixpkgs"
        ]
      },
      "locked": {
        "lastModified": 1743081648,
        "narHash": "sha256-WRAylyYptt6OX5eCEBWyTwOEqEtD6zt33rlUkr6u3cE=",
        "owner": "numtide",
        "repo": "treefmt-nix",
        "rev": "29a3d7b768c70addce17af0869f6e2bd8f5be4b7",
        "type": "github"
      },
      "original": {
        "owner": "numtide",
        "repo": "treefmt-nix",
        "type": "github"
      }
    }
  },
  "root": "root",
  "version": 7
}
